
Microsoft Visual Studio Solution File, Format Version 12.00
# Visual Studio 15
VisualStudioVersion = 15.0.27703.2047
MinimumVisualStudioVersion = 10.0.40219.1
Project("{FAE04EC0-301F-11D3-BF4B-00C04F79EFBC}") = "Server", "Server\Server.csproj", "{819AD027-CC42-4BE6-820A-40067497092C}"
EndProject
Project("{FAE04EC0-301F-11D3-BF4B-00C04F79EFBC}") = "WebServer", "WebServer\WebServer.csproj", "{1794F130-D81B-481D-A72F-72DB24EE76A2}"
EndProject
Project("{FAE04EC0-301F-11D3-BF4B-00C04F79EFBC}") = "Model", "Model\Model.csproj", "{36B088B1-7261-4657-B4A1-6125DE2851C2}"
EndProject
Project("{FAE04EC0-301F-11D3-BF4B-00C04F79EFBC}") = "SuperWebSocket.NET45", "SuperWebSocket\SuperWebSocket.NET45.csproj", "{2DC79E40-BB70-4F6A-B378-905F2FBC6E97}"
EndProject
Project("{FAE04EC0-301F-11D3-BF4B-00C04F79EFBC}") = "Common", "Common\Common.csproj", "{68E1C9C9-72FB-4542-91F5-37719DC8FD8B}"
EndProject
Project("{2150E333-8FDC-42A3-9474-1A3956D46DE8}") = "Data", "Data", "{F1CB8A51-9F0D-4956-A458-2EE56EF4C7CC}"
EndProject
Project("{2150E333-8FDC-42A3-9474-1A3956D46DE8}") = "Core", "Core", "{924D67D1-A13D-4A3E-8CA3-1B618BE47486}"
EndProject
Project("{2150E333-8FDC-42A3-9474-1A3956D46DE8}") = "Service", "Service", "{3DB6D093-46F7-49CB-B674-88A5D277BE7E}"
EndProject
Project("{FAE04EC0-301F-11D3-BF4B-00C04F79EFBC}") = "Services", "Services\Services.csproj", "{42428EBF-E01D-448B-94E6-6C2A97BBE872}"
EndProject
Project("{FAE04EC0-301F-11D3-BF4B-00C04F79EFBC}") = "IServices", "IServices\IServices.csproj", "{C8B44279-620A-460D-8A05-09B3FF4713A8}"
EndProject
Project("{2150E333-8FDC-42A3-9474-1A3956D46DE8}") = "Servers", "Servers", "{F41D60B6-A4C5-469D-A502-1FA1F69414D7}"
EndProject
Project("{FAE04EC0-301F-11D3-BF4B-00C04F79EFBC}") = "Entity", "Entity\Entity.csproj", "{1037B1E2-025B-404E-92C4-F8ECFBE8BF26}"
EndProject
Project("{FAE04EC0-301F-11D3-BF4B-00C04F79EFBC}") = "Platform", "Platform\Platform.csproj", "{AC82B352-99B6-4DED-9ABA-0D8D1474342D}"
EndProject
Project("{FAE04EC0-301F-11D3-BF4B-00C04F79EFBC}") = "ServiceProvider", "ServiceProvider\ServiceProvider.csproj", "{CBF0254C-8F7D-4BA1-AC04-0068C73D4A47}"
EndProject
Project("{FAE04EC0-301F-11D3-BF4B-00C04F79EFBC}") = "AOPProxy", "AOPProxy\AOPProxy.csproj", "{718F0882-EEF8-40E2-8C27-C43F8070CF04}"
EndProject
Project("{FAE04EC0-301F-11D3-BF4B-00C04F79EFBC}") = "Cores", "Cores\Cores.csproj", "{071EDDA8-4F73-47F7-8304-6CCABFAA6D76}"
EndProject
Project("{2150E333-8FDC-42A3-9474-1A3956D46DE8}") = "Plugins", "Plugins", "{77EC7A3B-CB98-49AA-80BE-DCE7AEEAB0AA}"
EndProject
Project("{2150E333-8FDC-42A3-9474-1A3956D46DE8}") = "Cache", "Cache", "{A8562731-2829-4906-876E-19B208BA4FDD}"
EndProject
Project("{FAE04EC0-301F-11D3-BF4B-00C04F79EFBC}") = "Strategy.AspNetCache", "Strategy.AspNetCache\Strategy.AspNetCache.csproj", "{53B690F2-8DAC-448D-998B-093F1F54FF8C}"
EndProject
Global
	GlobalSection(SolutionConfigurationPlatforms) = preSolution
		Debug|Any CPU = Debug|Any CPU
		Release|Any CPU = Release|Any CPU
	EndGlobalSection
	GlobalSection(ProjectConfigurationPlatforms) = postSolution
		{819AD027-CC42-4BE6-820A-40067497092C}.Debug|Any CPU.ActiveCfg = Debug|Any CPU
		{819AD027-CC42-4BE6-820A-40067497092C}.Debug|Any CPU.Build.0 = Debug|Any CPU
		{819AD027-CC42-4BE6-820A-40067497092C}.Release|Any CPU.ActiveCfg = Release|Any CPU
		{819AD027-CC42-4BE6-820A-40067497092C}.Release|Any CPU.Build.0 = Release|Any CPU
		{1794F130-D81B-481D-A72F-72DB24EE76A2}.Debug|Any CPU.ActiveCfg = Debug|Any CPU
		{1794F130-D81B-481D-A72F-72DB24EE76A2}.Debug|Any CPU.Build.0 = Debug|Any CPU
		{1794F130-D81B-481D-A72F-72DB24EE76A2}.Release|Any CPU.ActiveCfg = Release|Any CPU
		{1794F130-D81B-481D-A72F-72DB24EE76A2}.Release|Any CPU.Build.0 = Release|Any CPU
		{36B088B1-7261-4657-B4A1-6125DE2851C2}.Debug|Any CPU.ActiveCfg = Debug|Any CPU
		{36B088B1-7261-4657-B4A1-6125DE2851C2}.Debug|Any CPU.Build.0 = Debug|Any CPU
		{36B088B1-7261-4657-B4A1-6125DE2851C2}.Release|Any CPU.ActiveCfg = Release|Any CPU
		{36B088B1-7261-4657-B4A1-6125DE2851C2}.Release|Any CPU.Build.0 = Release|Any CPU
		{2DC79E40-BB70-4F6A-B378-905F2FBC6E97}.Debug|Any CPU.ActiveCfg = Debug|Any CPU
		{2DC79E40-BB70-4F6A-B378-905F2FBC6E97}.Debug|Any CPU.Build.0 = Debug|Any CPU
		{2DC79E40-BB70-4F6A-B378-905F2FBC6E97}.Release|Any CPU.ActiveCfg = Release|Any CPU
		{2DC79E40-BB70-4F6A-B378-905F2FBC6E97}.Release|Any CPU.Build.0 = Release|Any CPU
		{68E1C9C9-72FB-4542-91F5-37719DC8FD8B}.Debug|Any CPU.ActiveCfg = Debug|Any CPU
		{68E1C9C9-72FB-4542-91F5-37719DC8FD8B}.Debug|Any CPU.Build.0 = Debug|Any CPU
		{68E1C9C9-72FB-4542-91F5-37719DC8FD8B}.Release|Any CPU.ActiveCfg = Release|Any CPU
		{68E1C9C9-72FB-4542-91F5-37719DC8FD8B}.Release|Any CPU.Build.0 = Release|Any CPU
		{42428EBF-E01D-448B-94E6-6C2A97BBE872}.Debug|Any CPU.ActiveCfg = Debug|Any CPU
		{42428EBF-E01D-448B-94E6-6C2A97BBE872}.Debug|Any CPU.Build.0 = Debug|Any CPU
		{42428EBF-E01D-448B-94E6-6C2A97BBE872}.Release|Any CPU.ActiveCfg = Release|Any CPU
		{42428EBF-E01D-448B-94E6-6C2A97BBE872}.Release|Any CPU.Build.0 = Release|Any CPU
		{C8B44279-620A-460D-8A05-09B3FF4713A8}.Debug|Any CPU.ActiveCfg = Debug|Any CPU
		{C8B44279-620A-460D-8A05-09B3FF4713A8}.Debug|Any CPU.Build.0 = Debug|Any CPU
		{C8B44279-620A-460D-8A05-09B3FF4713A8}.Release|Any CPU.ActiveCfg = Release|Any CPU
		{C8B44279-620A-460D-8A05-09B3FF4713A8}.Release|Any CPU.Build.0 = Release|Any CPU
		{1037B1E2-025B-404E-92C4-F8ECFBE8BF26}.Debug|Any CPU.ActiveCfg = Debug|Any CPU
		{1037B1E2-025B-404E-92C4-F8ECFBE8BF26}.Debug|Any CPU.Build.0 = Debug|Any CPU
		{1037B1E2-025B-404E-92C4-F8ECFBE8BF26}.Release|Any CPU.ActiveCfg = Release|Any CPU
		{1037B1E2-025B-404E-92C4-F8ECFBE8BF26}.Release|Any CPU.Build.0 = Release|Any CPU
		{AC82B352-99B6-4DED-9ABA-0D8D1474342D}.Debug|Any CPU.ActiveCfg = Debug|Any CPU
		{AC82B352-99B6-4DED-9ABA-0D8D1474342D}.Debug|Any CPU.Build.0 = Debug|Any CPU
		{AC82B352-99B6-4DED-9ABA-0D8D1474342D}.Release|Any CPU.ActiveCfg = Release|Any CPU
		{AC82B352-99B6-4DED-9ABA-0D8D1474342D}.Release|Any CPU.Build.0 = Release|Any CPU
		{CBF0254C-8F7D-4BA1-AC04-0068C73D4A47}.Debug|Any CPU.ActiveCfg = Debug|Any CPU
		{CBF0254C-8F7D-4BA1-AC04-0068C73D4A47}.Debug|Any CPU.Build.0 = Debug|Any CPU
		{CBF0254C-8F7D-4BA1-AC04-0068C73D4A47}.Release|Any CPU.ActiveCfg = Release|Any CPU
		{CBF0254C-8F7D-4BA1-AC04-0068C73D4A47}.Release|Any CPU.Build.0 = Release|Any CPU
		{718F0882-EEF8-40E2-8C27-C43F8070CF04}.Debug|Any CPU.ActiveCfg = Debug|Any CPU
		{718F0882-EEF8-40E2-8C27-C43F8070CF04}.Debug|Any CPU.Build.0 = Debug|Any CPU
		{718F0882-EEF8-40E2-8C27-C43F8070CF04}.Release|Any CPU.ActiveCfg = Release|Any CPU
		{718F0882-EEF8-40E2-8C27-C43F8070CF04}.Release|Any CPU.Build.0 = Release|Any CPU
		{071EDDA8-4F73-47F7-8304-6CCABFAA6D76}.Debug|Any CPU.ActiveCfg = Debug|Any CPU
		{071EDDA8-4F73-47F7-8304-6CCABFAA6D76}.Debug|Any CPU.Build.0 = Debug|Any CPU
		{071EDDA8-4F73-47F7-8304-6CCABFAA6D76}.Release|Any CPU.ActiveCfg = Release|Any CPU
		{071EDDA8-4F73-47F7-8304-6CCABFAA6D76}.Release|Any CPU.Build.0 = Release|Any CPU
		{53B690F2-8DAC-448D-998B-093F1F54FF8C}.Debug|Any CPU.ActiveCfg = Debug|Any CPU
		{53B690F2-8DAC-448D-998B-093F1F54FF8C}.Debug|Any CPU.Build.0 = Debug|Any CPU
		{53B690F2-8DAC-448D-998B-093F1F54FF8C}.Release|Any CPU.ActiveCfg = Release|Any CPU
		{53B690F2-8DAC-448D-998B-093F1F54FF8C}.Release|Any CPU.Build.0 = Release|Any CPU
	EndGlobalSection
	GlobalSection(SolutionProperties) = preSolution
		HideSolutionNode = FALSE
	EndGlobalSection
	GlobalSection(NestedProjects) = preSolution
		{819AD027-CC42-4BE6-820A-40067497092C} = {F41D60B6-A4C5-469D-A502-1FA1F69414D7}
		{1794F130-D81B-481D-A72F-72DB24EE76A2} = {F41D60B6-A4C5-469D-A502-1FA1F69414D7}
		{36B088B1-7261-4657-B4A1-6125DE2851C2} = {F1CB8A51-9F0D-4956-A458-2EE56EF4C7CC}
		{2DC79E40-BB70-4F6A-B378-905F2FBC6E97} = {924D67D1-A13D-4A3E-8CA3-1B618BE47486}
		{68E1C9C9-72FB-4542-91F5-37719DC8FD8B} = {924D67D1-A13D-4A3E-8CA3-1B618BE47486}
		{42428EBF-E01D-448B-94E6-6C2A97BBE872} = {3DB6D093-46F7-49CB-B674-88A5D277BE7E}
		{C8B44279-620A-460D-8A05-09B3FF4713A8} = {3DB6D093-46F7-49CB-B674-88A5D277BE7E}
		{1037B1E2-025B-404E-92C4-F8ECFBE8BF26} = {F1CB8A51-9F0D-4956-A458-2EE56EF4C7CC}
		{AC82B352-99B6-4DED-9ABA-0D8D1474342D} = {924D67D1-A13D-4A3E-8CA3-1B618BE47486}
		{CBF0254C-8F7D-4BA1-AC04-0068C73D4A47} = {924D67D1-A13D-4A3E-8CA3-1B618BE47486}
		{718F0882-EEF8-40E2-8C27-C43F8070CF04} = {924D67D1-A13D-4A3E-8CA3-1B618BE47486}
		{071EDDA8-4F73-47F7-8304-6CCABFAA6D76} = {924D67D1-A13D-4A3E-8CA3-1B618BE47486}
		{A8562731-2829-4906-876E-19B208BA4FDD} = {77EC7A3B-CB98-49AA-80BE-DCE7AEEAB0AA}
		{53B690F2-8DAC-448D-998B-093F1F54FF8C} = {A8562731-2829-4906-876E-19B208BA4FDD}
	EndGlobalSection
	GlobalSection(ExtensibilityGlobals) = postSolution
		SolutionGuid = {127D4B31-F4CB-4B6D-A6B9-6100794566DF}
	EndGlobalSection
EndGlobal
